
Microsoft Visual Studio Solution File, Format Version 12.00
# Visual Studio Version 16
VisualStudioVersion = 16.0.30907.101
MinimumVisualStudioVersion = 10.0.40219.1
Project("{FAE04EC0-301F-11D3-BF4B-00C04F79EFBC}") = "EmailTemplate", "EmailTemplate\EmailTemplate.csproj", "{7396EC56-0D84-45A0-B53A-F77E8CB2AEAA}"
EndProject
Global
	GlobalSection(SolutionConfigurationPlatforms) = preSolution
		Debug|Any CPU = Debug|Any CPU
		Release|Any CPU = Release|Any CPU
	EndGlobalSection
	GlobalSection(ProjectConfigurationPlatforms) = postSolution
		{7396EC56-0D84-45A0-B53A-F77E8CB2AEAA}.Debug|Any CPU.ActiveCfg = Debug|Any CPU
		{7396EC56-0D84-45A0-B53A-F77E8CB2AEAA}.Debug|Any CPU.Build.0 = Debug|Any CPU
		{7396EC56-0D84-45A0-B53A-F77E8CB2AEAA}.Release|Any CPU.ActiveCfg = Release|Any CPU
		{7396EC56-0D84-45A0-B53A-F77E8CB2AEAA}.Release|Any CPU.Build.0 = Release|Any CPU
	EndGlobalSection
	GlobalSection(SolutionProperties) = preSolution
		HideSolutionNode = FALSE
	EndGlobalSection
	GlobalSection(ExtensibilityGlobals) = postSolution
		SolutionGuid = {D0687BB5-8EB1-407B-99C4-EF9F054FABB2}
	EndGlobalSection
EndGlobal
